
Microsoft Visual Studio Solution File, Format Version 12.00
# Visual Studio Version 17
VisualStudioVersion = 17.5.002.0
MinimumVisualStudioVersion = 10.0.40219.1
Project("{2150E333-8FDC-42A3-9474-1A3956D46DE8}") = "ChallengeProject", "ChallengeProject", "{949ECA31-6D6A-4DF7-B39A-16AB9DD6F2B1}"
EndProject
Project("{9A19103F-16F7-4668-BE54-9A1E7A4F7556}") = "Starter", "ChallengeProject\Starter\Starter.csproj", "{66446659-255D-454C-B1BB-8CB03919AE3A}"
EndProject
Project("{9A19103F-16F7-4668-BE54-9A1E7A4F7556}") = "Final", "ChallengeProject\Final\Final.csproj", "{044795D2-8FFA-46D4-A549-3DB69E44C19F}"
EndProject
Global
	GlobalSection(SolutionConfigurationPlatforms) = preSolution
		Debug|Any CPU = Debug|Any CPU
		Release|Any CPU = Release|Any CPU
	EndGlobalSection
	GlobalSection(ProjectConfigurationPlatforms) = postSolution
		{66446659-255D-454C-B1BB-8CB03919AE3A}.Debug|Any CPU.ActiveCfg = Debug|Any CPU
		{66446659-255D-454C-B1BB-8CB03919AE3A}.Debug|Any CPU.Build.0 = Debug|Any CPU
		{66446659-255D-454C-B1BB-8CB03919AE3A}.Release|Any CPU.ActiveCfg = Release|Any CPU
		{66446659-255D-454C-B1BB-8CB03919AE3A}.Release|Any CPU.Build.0 = Release|Any CPU
		{044795D2-8FFA-46D4-A549-3DB69E44C19F}.Debug|Any CPU.ActiveCfg = Debug|Any CPU
		{044795D2-8FFA-46D4-A549-3DB69E44C19F}.Debug|Any CPU.Build.0 = Debug|Any CPU
		{044795D2-8FFA-46D4-A549-3DB69E44C19F}.Release|Any CPU.ActiveCfg = Release|Any CPU
		{044795D2-8FFA-46D4-A549-3DB69E44C19F}.Release|Any CPU.Build.0 = Release|Any CPU
	EndGlobalSection
	GlobalSection(SolutionProperties) = preSolution
		HideSolutionNode = FALSE
	EndGlobalSection
	GlobalSection(NestedProjects) = preSolution
		{66446659-255D-454C-B1BB-8CB03919AE3A} = {949ECA31-6D6A-4DF7-B39A-16AB9DD6F2B1}
		{044795D2-8FFA-46D4-A549-3DB69E44C19F} = {949ECA31-6D6A-4DF7-B39A-16AB9DD6F2B1}
	EndGlobalSection
	GlobalSection(ExtensibilityGlobals) = postSolution
		SolutionGuid = {34F1D0A1-20C6-42DC-979D-09D1490375F5}
	EndGlobalSection
EndGlobal
